{
  "requires": true,
  "lockfileVersion": 1,
  "dependencies": {
    "bluebird": {
      "version": "3.7.2",
      "resolved": "https://registry.npm.taobao.org/bluebird/download/bluebird-3.7.2.tgz",
      "integrity": "sha1-nyKcFb4nJFT/qXOs4NvueaGww28="
    },
    "fs": {
      "version": "0.0.1-security",
      "resolved": "https://registry.npm.taobao.org/fs/download/fs-0.0.1-security.tgz",
      "integrity": "sha1-invTcYa23d84E/I4WLV+yq9eQdQ="
    },
    "lodash": {
      "version": "4.17.20",
      "resolved": "https://registry.npm.taobao.org/lodash/download/lodash-4.17.20.tgz?cache=0&sync_timestamp=1597336097104&other_urls=https%3A%2F%2Fregistry.npm.taobao.org%2Flodash%2Fdownload%2Flodash-4.17.20.tgz",
      "integrity": "sha1-tEqbYpe8tpjxxRo1RaKzs2jVnFI="
    },
    "psl": {
      "version": "1.8.0",
      "resolved": "https://registry.npm.taobao.org/psl/download/psl-1.8.0.tgz?cache=0&sync_timestamp=1585170332277&other_urls=https%3A%2F%2Fregistry.npm.taobao.org%2Fpsl%2Fdownload%2Fpsl-1.8.0.tgz",
      "integrity": "sha1-kyb4vPsBOtzABf3/BWrM4CDlHCQ="
    },
    "punycode": {
      "version": "2.1.1",
      "resolved": "https://registry.npm.taobao.org/punycode/download/punycode-2.1.1.tgz",
      "integrity": "sha1-tYsBCsQMIsVldhbI0sLALHv0eew="
    },
    "request-promise": {
      "version": "4.2.6",
      "resolved": "https://registry.npm.taobao.org/request-promise/download/request-promise-4.2.6.tgz",
      "integrity": "sha1-fn5blXhjDm9ZjjgTwPjrNCon8KI=",
      "requires": {
        "bluebird": "^3.5.0",
        "request-promise-core": "1.1.4",
        "stealthy-require": "^1.1.1",
        "tough-cookie": "^2.3.3"
      }
    },
    "request-promise-core": {
      "version": "1.1.4",
      "resolved": "https://registry.npm.taobao.org/request-promise-core/download/request-promise-core-1.1.4.tgz",
      "integrity": "sha1-Pu3UIjII1BmGe3jOgVFn0QWToi8=",
      "requires": {
        "lodash": "^4.17.19"
      }
    },
    "stealthy-require": {
      "version": "1.1.1",
      "resolved": "https://registry.npm.taobao.org/stealthy-require/download/stealthy-require-1.1.1.tgz",
      "integrity": "sha1-NbCYdbT/SfJqd35QmzCQoyJr8ks="
    },
    "tough-cookie": {
      "version": "2.5.0",
      "resolved": "https://registry.npm.taobao.org/tough-cookie/download/tough-cookie-2.5.0.tgz?cache=0&sync_timestamp=1584647110516&other_urls=https%3A%2F%2Fregistry.npm.taobao.org%2Ftough-cookie%2Fdownload%2Ftough-cookie-2.5.0.tgz",
      "integrity": "sha1-zZ+yoKodWhK0c72fuW+j3P9lreI=",
      "requires": {
        "psl": "^1.1.28",
        "punycode": "^2.1.1"
      }
    }
  }
}
